
Microsoft Visual Studio Solution File, Format Version 12.00
# Visual Studio Version 17
VisualStudioVersion = 17.1.32228.430
MinimumVisualStudioVersion = 10.0.40219.1
Project("{888888A0-9F3D-457C-B088-3A5042F75D52}") = "MultiSpamBot", "MultiSpamBot.pyproj", "{60A58E4B-21F9-41B8-8239-F2272D08BE8F}"
EndProject
Global
	GlobalSection(SolutionConfigurationPlatforms) = preSolution
		Debug|Any CPU = Debug|Any CPU
		Release|Any CPU = Release|Any CPU
	EndGlobalSection
	GlobalSection(ProjectConfigurationPlatforms) = postSolution
		{60A58E4B-21F9-41B8-8239-F2272D08BE8F}.Debug|Any CPU.ActiveCfg = Debug|Any CPU
		{60A58E4B-21F9-41B8-8239-F2272D08BE8F}.Release|Any CPU.ActiveCfg = Release|Any CPU
	EndGlobalSection
	GlobalSection(SolutionProperties) = preSolution
		HideSolutionNode = FALSE
	EndGlobalSection
	GlobalSection(ExtensibilityGlobals) = postSolution
		SolutionGuid = {3020AE3F-C815-4808-81AD-E4ABC0A6D73D}
	EndGlobalSection
EndGlobal
