
Microsoft Visual Studio Solution File, Format Version 12.00
# Visual Studio Version 17
VisualStudioVersion = 17.9.34728.123
MinimumVisualStudioVersion = 10.0.40219.1
Project("{888888A0-9F3D-457C-B088-3A5042F75D52}") = "SpamBot", "SpamBot.pyproj", "{A8D7AD40-87B9-4D0D-9417-A537EF308A7F}"
EndProject
Global
	GlobalSection(SolutionConfigurationPlatforms) = preSolution
		Debug|Any CPU = Debug|Any CPU
		Release|Any CPU = Release|Any CPU
	EndGlobalSection
	GlobalSection(ProjectConfigurationPlatforms) = postSolution
		{A8D7AD40-87B9-4D0D-9417-A537EF308A7F}.Debug|Any CPU.ActiveCfg = Debug|Any CPU
		{A8D7AD40-87B9-4D0D-9417-A537EF308A7F}.Release|Any CPU.ActiveCfg = Release|Any CPU
	EndGlobalSection
	GlobalSection(SolutionProperties) = preSolution
		HideSolutionNode = FALSE
	EndGlobalSection
	GlobalSection(ExtensibilityGlobals) = postSolution
		SolutionGuid = {08091F04-C9F2-47EA-80E4-2FD3D6AD4911}
	EndGlobalSection
EndGlobal
